
Microsoft Visual Studio Solution File, Format Version 12.00
Project("{FAE04EC0-301F-11D3-BF4B-00C04F79EFBC}") = "DistantEngine", "DistantEngine\DistantEngine.csproj", "{AFE86BC3-6B74-4393-A706-8ECB7B347160}"
EndProject
Project("{FAE04EC0-301F-11D3-BF4B-00C04F79EFBC}") = "Game", "Game\Game.csproj", "{DE50714F-3B79-4E6D-BE45-79BCC3D5A9F4}"
EndProject
Global
	GlobalSection(SolutionConfigurationPlatforms) = preSolution
		Debug|Any CPU = Debug|Any CPU
		Release|Any CPU = Release|Any CPU
	EndGlobalSection
	GlobalSection(ProjectConfigurationPlatforms) = postSolution
		{AFE86BC3-6B74-4393-A706-8ECB7B347160}.Debug|Any CPU.ActiveCfg = Debug|Any CPU
		{AFE86BC3-6B74-4393-A706-8ECB7B347160}.Debug|Any CPU.Build.0 = Debug|Any CPU
		{AFE86BC3-6B74-4393-A706-8ECB7B347160}.Release|Any CPU.ActiveCfg = Release|Any CPU
		{AFE86BC3-6B74-4393-A706-8ECB7B347160}.Release|Any CPU.Build.0 = Release|Any CPU
		{DE50714F-3B79-4E6D-BE45-79BCC3D5A9F4}.Debug|Any CPU.ActiveCfg = Debug|Any CPU
		{DE50714F-3B79-4E6D-BE45-79BCC3D5A9F4}.Debug|Any CPU.Build.0 = Debug|Any CPU
		{DE50714F-3B79-4E6D-BE45-79BCC3D5A9F4}.Release|Any CPU.ActiveCfg = Release|Any CPU
		{DE50714F-3B79-4E6D-BE45-79BCC3D5A9F4}.Release|Any CPU.Build.0 = Release|Any CPU
	EndGlobalSection
EndGlobal
